<Solution>
  <Folder Name="/Solution Items/">
    <File Path="README.md" />
  </Folder>
  <Folder Name="/src/">
    <Project Path="src/BuildWithAspire.ApiService/BuildWithAspire.ApiService.csproj" />
    <Project Path="src/BuildWithAspire.AppHost/BuildWithAspire.AppHost.csproj" />
    <Project Path="src/BuildWithAspire.ServiceDefaults/BuildWithAspire.ServiceDefaults.csproj" />
    <Project Path="src/BuildWithAspire.Web/BuildWithAspire.Web.csproj" />
    <Project Path="src/BuildWithAspire.Abstractions/BuildWithAspire.Abstractions.csproj" />
  </Folder>
  <Folder Name="/tests/">
    <Project Path="tests/BuildWithAspire.ApiService.UnitTests/BuildWithAspire.ApiService.UnitTests.csproj" />
    <Project Path="tests/BuildWithAspire.AppHost.UnitTests/BuildWithAspire.AppHost.UnitTests.csproj" />
    <Project Path="tests/BuildWithAspire.Web.UnitTests/BuildWithAspire.Web.UnitTests.csproj" />
  </Folder>
</Solution>
