
Microsoft Visual Studio Solution File, Format Version 12.00
# Visual Studio Version 17
VisualStudioVersion = 17.0.31903.59
MinimumVisualStudioVersion = 10.0.40219.1
Project("{2150E333-8FDC-42A3-9474-1A3956D46DE8}") = "src", "src", "{E4953B32-0786-4334-AE46-AA9D27CBAB69}"
EndProject
Project("{9A19103F-16F7-4668-BE54-9A1E7A4F7556}") = "BuildWithAspire.Web", "src\BuildWithAspire.Web\BuildWithAspire.Web.csproj", "{79B23562-F6E3-4808-AD1A-0782FEB1A333}"
EndProject
Project("{2150E333-8FDC-42A3-9474-1A3956D46DE8}") = "Solution Items", "Solution Items", "{170CC29D-77B1-4405-AD96-E118C9B971FE}"
	ProjectSection(SolutionItems) = preProject
		README.md = README.md
	EndProjectSection
EndProject
Project("{9A19103F-16F7-4668-BE54-9A1E7A4F7556}") = "BuildWithAspire.ApiService", "src\BuildWithAspire.ApiService\BuildWithAspire.ApiService.csproj", "{9AC552DC-87FF-4816-8612-07B74B054E43}"
EndProject
Project("{FAE04EC0-301F-11D3-BF4B-00C04F79EFBC}") = "BuildWithAspire.AppHost", "src\BuildWithAspire.AppHost\BuildWithAspire.AppHost.csproj", "{8345D96C-CCB6-47DA-89CA-93CB94E2DFA4}"
EndProject
Project("{9A19103F-16F7-4668-BE54-9A1E7A4F7556}") = "BuildWithAspire.ServiceDefaults", "src\BuildWithAspire.ServiceDefaults\BuildWithAspire.ServiceDefaults.csproj", "{3EE7C85F-E099-4C18-9D6C-48F994C41D4B}"
EndProject
Global
	GlobalSection(SolutionConfigurationPlatforms) = preSolution
		Debug|Any CPU = Debug|Any CPU
		Release|Any CPU = Release|Any CPU
	EndGlobalSection
	GlobalSection(ProjectConfigurationPlatforms) = postSolution
		{79B23562-F6E3-4808-AD1A-0782FEB1A333}.Debug|Any CPU.ActiveCfg = Debug|Any CPU
		{79B23562-F6E3-4808-AD1A-0782FEB1A333}.Debug|Any CPU.Build.0 = Debug|Any CPU
		{79B23562-F6E3-4808-AD1A-0782FEB1A333}.Release|Any CPU.ActiveCfg = Release|Any CPU
		{79B23562-F6E3-4808-AD1A-0782FEB1A333}.Release|Any CPU.Build.0 = Release|Any CPU
		{9AC552DC-87FF-4816-8612-07B74B054E43}.Debug|Any CPU.ActiveCfg = Debug|Any CPU
		{9AC552DC-87FF-4816-8612-07B74B054E43}.Debug|Any CPU.Build.0 = Debug|Any CPU
		{9AC552DC-87FF-4816-8612-07B74B054E43}.Release|Any CPU.ActiveCfg = Release|Any CPU
		{9AC552DC-87FF-4816-8612-07B74B054E43}.Release|Any CPU.Build.0 = Release|Any CPU
		{8345D96C-CCB6-47DA-89CA-93CB94E2DFA4}.Debug|Any CPU.ActiveCfg = Debug|Any CPU
		{8345D96C-CCB6-47DA-89CA-93CB94E2DFA4}.Debug|Any CPU.Build.0 = Debug|Any CPU
		{8345D96C-CCB6-47DA-89CA-93CB94E2DFA4}.Release|Any CPU.ActiveCfg = Release|Any CPU
		{8345D96C-CCB6-47DA-89CA-93CB94E2DFA4}.Release|Any CPU.Build.0 = Release|Any CPU
		{3EE7C85F-E099-4C18-9D6C-48F994C41D4B}.Debug|Any CPU.ActiveCfg = Debug|Any CPU
		{3EE7C85F-E099-4C18-9D6C-48F994C41D4B}.Debug|Any CPU.Build.0 = Debug|Any CPU
		{3EE7C85F-E099-4C18-9D6C-48F994C41D4B}.Release|Any CPU.ActiveCfg = Release|Any CPU
		{3EE7C85F-E099-4C18-9D6C-48F994C41D4B}.Release|Any CPU.Build.0 = Release|Any CPU
	EndGlobalSection
	GlobalSection(SolutionProperties) = preSolution
		HideSolutionNode = FALSE
	EndGlobalSection
	GlobalSection(NestedProjects) = preSolution
		{79B23562-F6E3-4808-AD1A-0782FEB1A333} = {E4953B32-0786-4334-AE46-AA9D27CBAB69}
		{9AC552DC-87FF-4816-8612-07B74B054E43} = {E4953B32-0786-4334-AE46-AA9D27CBAB69}
	EndGlobalSection
EndGlobal
